// !$*UTF8*$!
{
	archiveVersion = 1;
	classes = {
	};
	objectVersion = 55;
	objects = {

/* Begin PBXBuildFile section */
		267DBFBC27CE5826003DD58E /* AppDelegate.swift in Sources */ = {isa = PBXBuildFile; fileRef = 267DBFBB27CE5826003DD58E /* AppDelegate.swift */; };
		267DBFBE27CE5826003DD58E /* SceneDelegate.swift in Sources */ = {isa = PBXBuildFile; fileRef = 267DBFBD27CE5826003DD58E /* SceneDelegate.swift */; };
		267DBFC027CE5826003DD58E /* ViewController.swift in Sources */ = {isa = PBXBuildFile; fileRef = 267DBFBF27CE5826003DD58E /* ViewController.swift */; };
		267DBFC327CE5826003DD58E /* Main.storyboard in Resources */ = {isa = PBXBuildFile; fileRef = 267DBFC127CE5826003DD58E /* Main.storyboard */; };
		267DBFC527CE5827003DD58E /* Assets.xcassets in Resources */ = {isa = PBXBuildFile; fileRef = 267DBFC427CE5827003DD58E /* Assets.xcassets */; };
		267DBFC827CE5827003DD58E /* LaunchScreen.storyboard in Resources */ = {isa = PBXBuildFile; fileRef = 267DBFC627CE5827003DD58E /* LaunchScreen.storyboard */; };
		267DBFD327CE5827003DD58E /* oddEvenGameTests.swift in Sources */ = {isa = PBXBuildFile; fileRef = 267DBFD227CE5827003DD58E /* oddEvenGameTests.swift */; };
		267DBFDD27CE5827003DD58E /* oddEvenGameUITests.swift in Sources */ = {isa = PBXBuildFile; fileRef = 267DBFDC27CE5827003DD58E /* oddEvenGameUITests.swift */; };
		267DBFDF27CE5827003DD58E /* oddEvenGameUITestsLaunchTests.swift in Sources */ = {isa = PBXBuildFile; fileRef = 267DBFDE27CE5827003DD58E /* oddEvenGameUITestsLaunchTests.swift */; };
		26913E2F27CF5C5200FC5528 /* intro.mp3 in Resources */ = {isa = PBXBuildFile; fileRef = 26913E2C27CF5C5200FC5528 /* intro.mp3 */; };
		26913E3027CF5C5200FC5528 /* click.mp3 in Resources */ = {isa = PBXBuildFile; fileRef = 26913E2D27CF5C5200FC5528 /* click.mp3 */; };
		26913E3127CF5C5200FC5528 /* gamestart.mp3 in Resources */ = {isa = PBXBuildFile; fileRef = 26913E2E27CF5C5200FC5528 /* gamestart.mp3 */; };
/* End PBXBuildFile section */

/* Begin PBXContainerItemProxy section */
		267DBFCF27CE5827003DD58E /* PBXContainerItemProxy */ = {
			isa = PBXContainerItemProxy;
			containerPortal = 267DBFB027CE5826003DD58E /* Project object */;
			proxyType = 1;
			remoteGlobalIDString = 267DBFB727CE5826003DD58E;
			remoteInfo = oddEvenGame;
		};
		267DBFD927CE5827003DD58E /* PBXContainerItemProxy */ = {
			isa = PBXContainerItemProxy;
			containerPortal = 267DBFB027CE5826003DD58E /* Project object */;
			proxyType = 1;
			remoteGlobalIDString = 267DBFB727CE5826003DD58E;
			remoteInfo = oddEvenGame;
		};
/* End PBXContainerItemProxy section */

/* Begin PBXFileReference section */
		267DBFB827CE5826003DD58E /* oddEvenGame.app */ = {isa = PBXFileReference; explicitFileType = wrapper.application; includeInIndex = 0; path = oddEvenGame.app; sourceTree = BUILT_PRODUCTS_DIR; };
		267DBFBB27CE5826003DD58E /* AppDelegate.swift */ = {isa = PBXFileReference; lastKnownFileType = sourcecode.swift; path = AppDelegate.swift; sourceTree = "<group>"; };
		267DBFBD27CE5826003DD58E /* SceneDelegate.swift */ = {isa = PBXFileReference; lastKnownFileType = sourcecode.swift; path = SceneDelegate.swift; sourceTree = "<group>"; };
		267DBFBF27CE5826003DD58E /* ViewController.swift */ = {isa = PBXFileReference; lastKnownFileType = sourcecode.swift; path = ViewController.swift; sourceTree = "<group>"; };
		267DBFC227CE5826003DD58E /* Base */ = {isa = PBXFileReference; lastKnownFileType = file.storyboard; name = Base; path = Base.lproj/Main.storyboard; sourceTree = "<group>"; };
		267DBFC427CE5827003DD58E /* Assets.xcassets */ = {isa = PBXFileReference; lastKnownFileType = folder.assetcatalog; path = Assets.xcassets; sourceTree = "<group>"; };
		267DBFC727CE5827003DD58E /* Base */ = {isa = PBXFileReference; lastKnownFileType = file.storyboard; name = Base; path = Base.lproj/LaunchScreen.storyboard; sourceTree = "<group>"; };
		267DBFC927CE5827003DD58E /* Info.plist */ = {isa = PBXFileReference; lastKnownFileType = text.plist.xml; path = Info.plist; sourceTree = "<group>"; };
		267DBFCE27CE5827003DD58E /* oddEvenGameTests.xctest */ = {isa = PBXFileReference; explicitFileType = wrapper.cfbundle; includeInIndex = 0; path = oddEvenGameTests.xctest; sourceTree = BUILT_PRODUCTS_DIR; };
		267DBFD227CE5827003DD58E /* oddEvenGameTests.swift */ = {isa = PBXFileReference; lastKnownFileType = sourcecode.swift; path = oddEvenGameTests.swift; sourceTree = "<group>"; };
		267DBFD827CE5827003DD58E /* oddEvenGameUITests.xctest */ = {isa = PBXFileReference; explicitFileType = wrapper.cfbundle; includeInIndex = 0; path = oddEvenGameUITests.xctest; sourceTree = BUILT_PRODUCTS_DIR; };
		267DBFDC27CE5827003DD58E /* oddEvenGameUITests.swift */ = {isa = PBXFileReference; lastKnownFileType = sourcecode.swift; path = oddEvenGameUITests.swift; sourceTree = "<group>"; };
		267DBFDE27CE5827003DD58E /* oddEvenGameUITestsLaunchTests.swift */ = {isa = PBXFileReference; lastKnownFileType = sourcecode.swift; path = oddEvenGameUITestsLaunchTests.swift; sourceTree = "<group>"; };
		26913E2C27CF5C5200FC5528 /* intro.mp3 */ = {isa = PBXFileReference; lastKnownFileType = audio.mp3; name = intro.mp3; path = ../../../../Udemy/mp3/intro.mp3; sourceTree = "<group>"; };
		26913E2D27CF5C5200FC5528 /* click.mp3 */ = {isa = PBXFileReference; lastKnownFileType = audio.mp3; name = click.mp3; path = ../../../../Udemy/mp3/click.mp3; sourceTree = "<group>"; };
		26913E2E27CF5C5200FC5528 /* gamestart.mp3 */ = {isa = PBXFileReference; lastKnownFileType = audio.mp3; name = gamestart.mp3; path = ../../../../Udemy/mp3/gamestart.mp3; sourceTree = "<group>"; };
/* End PBXFileReference section */

/* Begin PBXFrameworksBuildPhase section */
		267DBFB527CE5826003DD58E /* Frameworks */ = {
			isa = PBXFrameworksBuildPhase;
			buildActionMask = 2147483647;
			files = (
			);
			runOnlyForDeploymentPostprocessing = 0;
		};
		267DBFCB27CE5827003DD58E /* Frameworks */ = {
			isa = PBXFrameworksBuildPhase;
			buildActionMask = 2147483647;
			files = (
			);
			runOnlyForDeploymentPostprocessing = 0;
		};
		267DBFD527CE5827003DD58E /* Frameworks */ = {
			isa = PBXFrameworksBuildPhase;
			buildActionMask = 2147483647;
			files = (
			);
			runOnlyForDeploymentPostprocessing = 0;
		};
/* End PBXFrameworksBuildPhase section */

/* Begin PBXGroup section */
		267DBFAF27CE5826003DD58E = {
			isa = PBXGroup;
			children = (
				26913E2B27CF5C1E00FC5528 /* mp3 */,
				267DBFBA27CE5826003DD58E /* oddEvenGame */,
				267DBFD127CE5827003DD58E /* oddEvenGameTests */,
				267DBFDB27CE5827003DD58E /* oddEvenGameUITests */,
				267DBFB927CE5826003DD58E /* Products */,
			);
			sourceTree = "<group>";
		};
		267DBFB927CE5826003DD58E /* Products */ = {
			isa = PBXGroup;
			children = (
				267DBFB827CE5826003DD58E /* oddEvenGame.app */,
				267DBFCE27CE5827003DD58E /* oddEvenGameTests.xctest */,
				267DBFD827CE5827003DD58E /* oddEvenGameUITests.xctest */,
			);
			name = Products;
			sourceTree = "<group>";
		};
		267DBFBA27CE5826003DD58E /* oddEvenGame */ = {
			isa = PBXGroup;
			children = (
				267DBFBB27CE5826003DD58E /* AppDelegate.swift */,
				267DBFBD27CE5826003DD58E /* SceneDelegate.swift */,
				267DBFBF27CE5826003DD58E /* ViewController.swift */,
				267DBFC127CE5826003DD58E /* Main.storyboard */,
				267DBFC427CE5827003DD58E /* Assets.xcassets */,
				267DBFC627CE5827003DD58E /* LaunchScreen.storyboard */,
				267DBFC927CE5827003DD58E /* Info.plist */,
			);
			path = oddEvenGame;
			sourceTree = "<group>";
		};
		267DBFD127CE5827003DD58E /* oddEvenGameTests */ = {
			isa = PBXGroup;
			children = (
				267DBFD227CE5827003DD58E /* oddEvenGameTests.swift */,
			);
			path = oddEvenGameTests;
			sourceTree = "<group>";
		};
		267DBFDB27CE5827003DD58E /* oddEvenGameUITests */ = {
			isa = PBXGroup;
			children = (
				267DBFDC27CE5827003DD58E /* oddEvenGameUITests.swift */,
				267DBFDE27CE5827003DD58E /* oddEvenGameUITestsLaunchTests.swift */,
			);
			path = oddEvenGameUITests;
			sourceTree = "<group>";
		};
		26913E2B27CF5C1E00FC5528 /* mp3 */ = {
			isa = PBXGroup;
			children = (
				26913E2D27CF5C5200FC5528 /* click.mp3 */,
				26913E2E27CF5C5200FC5528 /* gamestart.mp3 */,
				26913E2C27CF5C5200FC5528 /* intro.mp3 */,
			);
			path = mp3;
			sourceTree = "<group>";
		};
/* End PBXGroup section */

/* Begin PBXNativeTarget section */
		267DBFB727CE5826003DD58E /* oddEvenGame */ = {
			isa = PBXNativeTarget;
			buildConfigurationList = 267DBFE227CE5827003DD58E /* Build configuration list for PBXNativeTarget "oddEvenGame" */;
			buildPhases = (
				267DBFB427CE5826003DD58E /* Sources */,
				267DBFB527CE5826003DD58E /* Frameworks */,
				267DBFB627CE5826003DD58E /* Resources */,
			);
			buildRules = (
			);
			dependencies = (
			);
			name = oddEvenGame;
			productName = oddEvenGame;
			productReference = 267DBFB827CE5826003DD58E /* oddEvenGame.app */;
			productType = "com.apple.product-type.application";
		};
		267DBFCD27CE5827003DD58E /* oddEvenGameTests */ = {
			isa = PBXNativeTarget;
			buildConfigurationList = 267DBFE527CE5827003DD58E /* Build configuration list for PBXNativeTarget "oddEvenGameTests" */;
			buildPhases = (
				267DBFCA27CE5827003DD58E /* Sources */,
				267DBFCB27CE5827003DD58E /* Frameworks */,
				267DBFCC27CE5827003DD58E /* Resources */,
			);
			buildRules = (
			);
			dependencies = (
				267DBFD027CE5827003DD58E /* PBXTargetDependency */,
			);
			name = oddEvenGameTests;
			productName = oddEvenGameTests;
			productReference = 267DBFCE27CE5827003DD58E /* oddEvenGameTests.xctest */;
			productType = "com.apple.product-type.bundle.unit-test";
		};
		267DBFD727CE5827003DD58E /* oddEvenGameUITests */ = {
			isa = PBXNativeTarget;
			buildConfigurationList = 267DBFE827CE5827003DD58E /* Build configuration list for PBXNativeTarget "oddEvenGameUITests" */;
			buildPhases = (
				267DBFD427CE5827003DD58E /* Sources */,
				267DBFD527CE5827003DD58E /* Frameworks */,
				267DBFD627CE5827003DD58E /* Resources */,
			);
			buildRules = (
			);
			dependencies = (
				267DBFDA27CE5827003DD58E /* PBXTargetDependency */,
			);
			name = oddEvenGameUITests;
			productName = oddEvenGameUITests;
			productReference = 267DBFD827CE5827003DD58E /* oddEvenGameUITests.xctest */;
			productType = "com.apple.product-type.bundle.ui-testing";
		};
/* End PBXNativeTarget section */

/* Begin PBXProject section */
		267DBFB027CE5826003DD58E /* Project object */ = {
			isa = PBXProject;
			attributes = {
				BuildIndependentTargetsInParallel = 1;
				LastSwiftUpdateCheck = 1320;
				LastUpgradeCheck = 1320;
				TargetAttributes = {
					267DBFB727CE5826003DD58E = {
						CreatedOnToolsVersion = 13.2.1;
					};
					267DBFCD27CE5827003DD58E = {
						CreatedOnToolsVersion = 13.2.1;
						TestTargetID = 267DBFB727CE5826003DD58E;
					};
					267DBFD727CE5827003DD58E = {
						CreatedOnToolsVersion = 13.2.1;
						TestTargetID = 267DBFB727CE5826003DD58E;
					};
				};
			};
			buildConfigurationList = 267DBFB327CE5826003DD58E /* Build configuration list for PBXProject "oddEvenGame" */;
			compatibilityVersion = "Xcode 13.0";
			developmentRegion = en;
			hasScannedForEncodings = 0;
			knownRegions = (
				en,
				Base,
			);
			mainGroup = 267DBFAF27CE5826003DD58E;
			productRefGroup = 267DBFB927CE5826003DD58E /* Products */;
			projectDirPath = "";
			projectRoot = "";
			targets = (
				267DBFB727CE5826003DD58E /* oddEvenGame */,
				267DBFCD27CE5827003DD58E /* oddEvenGameTests */,
				267DBFD727CE5827003DD58E /* oddEvenGameUITests */,
			);
		};
/* End PBXProject section */

/* Begin PBXResourcesBuildPhase section */
		267DBFB627CE5826003DD58E /* Resources */ = {
			isa = PBXResourcesBuildPhase;
			buildActionMask = 2147483647;
			files = (
				267DBFC827CE5827003DD58E /* LaunchScreen.storyboard in Resources */,
				26913E3027CF5C5200FC5528 /* click.mp3 in Resources */,
				267DBFC527CE5827003DD58E /* Assets.xcassets in Resources */,
				267DBFC327CE5826003DD58E /* Main.storyboard in Resources */,
				26913E2F27CF5C5200FC5528 /* intro.mp3 in Resources */,
				26913E3127CF5C5200FC5528 /* gamestart.mp3 in Resources */,
			);
			runOnlyForDeploymentPostprocessing = 0;
		};
		267DBFCC27CE5827003DD58E /* Resources */ = {
			isa = PBXResourcesBuildPhase;
			buildActionMask = 2147483647;
			files = (
			);
			runOnlyForDeploymentPostprocessing = 0;
		};
		267DBFD627CE5827003DD58E /* Resources */ = {
			isa = PBXResourcesBuildPhase;
			buildActionMask = 2147483647;
			files = (
			);
			runOnlyForDeploymentPostprocessing = 0;
		};
/* End PBXResourcesBuildPhase section */

/* Begin PBXSourcesBuildPhase section */
		267DBFB427CE5826003DD58E /* Sources */ = {
			isa = PBXSourcesBuildPhase;
			buildActionMask = 2147483647;
			files = (
				267DBFC027CE5826003DD58E /* ViewController.swift in Sources */,
				267DBFBC27CE5826003DD58E /* AppDelegate.swift in Sources */,
				267DBFBE27CE5826003DD58E /* SceneDelegate.swift in Sources */,
			);
			runOnlyForDeploymentPostprocessing = 0;
		};
		267DBFCA27CE5827003DD58E /* Sources */ = {
			isa = PBXSourcesBuildPhase;
			buildActionMask = 2147483647;
			files = (
				267DBFD327CE5827003DD58E /* oddEvenGameTests.swift in Sources */,
			);
			runOnlyForDeploymentPostprocessing = 0;
		};
		267DBFD427CE5827003DD58E /* Sources */ = {
			isa = PBXSourcesBuildPhase;
			buildActionMask = 2147483647;
			files = (
				267DBFDF27CE5827003DD58E /* oddEvenGameUITestsLaunchTests.swift in Sources */,
				267DBFDD27CE5827003DD58E /* oddEvenGameUITests.swift in Sources */,
			);
			runOnlyForDeploymentPostprocessing = 0;
		};
/* End PBXSourcesBuildPhase section */

/* Begin PBXTargetDependency section */
		267DBFD027CE5827003DD58E /* PBXTargetDependency */ = {
			isa = PBXTargetDependency;
			target = 267DBFB727CE5826003DD58E /* oddEvenGame */;
			targetProxy = 267DBFCF27CE5827003DD58E /* PBXContainerItemProxy */;
		};
		267DBFDA27CE5827003DD58E /* PBXTargetDependency */ = {
			isa = PBXTargetDependency;
			target = 267DBFB727CE5826003DD58E /* oddEvenGame */;
			targetProxy = 267DBFD927CE5827003DD58E /* PBXContainerItemProxy */;
		};
/* End PBXTargetDependency section */

/* Begin PBXVariantGroup section */
		267DBFC127CE5826003DD58E /* Main.storyboard */ = {
			isa = PBXVariantGroup;
			children = (
				267DBFC227CE5826003DD58E /* Base */,
			);
			name = Main.storyboard;
			sourceTree = "<group>";
		};
		267DBFC627CE5827003DD58E /* LaunchScreen.storyboard */ = {
			isa = PBXVariantGroup;
			children = (
				267DBFC727CE5827003DD58E /* Base */,
			);
			name = LaunchScreen.storyboard;
			sourceTree = "<group>";
		};
/* End PBXVariantGroup section */

/* Begin XCBuildConfiguration section */
		267DBFE027CE5827003DD58E /* Debug */ = {
			isa = XCBuildConfiguration;
			buildSettings = {
				ALWAYS_SEARCH_USER_PATHS = NO;
				CLANG_ANALYZER_NONNULL = YES;
				CLANG_ANALYZER_NUMBER_OBJECT_CONVERSION = YES_AGGRESSIVE;
				CLANG_CXX_LANGUAGE_STANDARD = "gnu++17";
				CLANG_CXX_LIBRARY = "libc++";
				CLANG_ENABLE_MODULES = YES;
				CLANG_ENABLE_OBJC_ARC = YES;
				CLANG_ENABLE_OBJC_WEAK = YES;
				CLANG_WARN_BLOCK_CAPTURE_AUTORELEASING = YES;
				CLANG_WARN_BOOL_CONVERSION = YES;
				CLANG_WARN_COMMA = YES;
				CLANG_WARN_CONSTANT_CONVERSION = YES;
				CLANG_WARN_DEPRECATED_OBJC_IMPLEMENTATIONS = YES;
				CLANG_WARN_DIRECT_OBJC_ISA_USAGE = YES_ERROR;
				CLANG_WARN_DOCUMENTATION_COMMENTS = YES;
				CLANG_WARN_EMPTY_BODY = YES;
				CLANG_WARN_ENUM_CONVERSION = YES;
				CLANG_WARN_INFINITE_RECURSION = YES;
				CLANG_WARN_INT_CONVERSION = YES;
				CLANG_WARN_NON_LITERAL_NULL_CONVERSION = YES;
				CLANG_WARN_OBJC_IMPLICIT_RETAIN_SELF = YES;
				CLANG_WARN_OBJC_LITERAL_CONVERSION = YES;
				CLANG_WARN_OBJC_ROOT_CLASS = YES_ERROR;
				CLANG_WARN_QUOTED_INCLUDE_IN_FRAMEWORK_HEADER = YES;
				CLANG_WARN_RANGE_LOOP_ANALYSIS = YES;
				CLANG_WARN_STRICT_PROTOTYPES = YES;
				CLANG_WARN_SUSPICIOUS_MOVE = YES;
				CLANG_WARN_UNGUARDED_AVAILABILITY = YES_AGGRESSIVE;
				CLANG_WARN_UNREACHABLE_CODE = YES;
				CLANG_WARN__DUPLICATE_METHOD_MATCH = YES;
				COPY_PHASE_STRIP = NO;
				DEBUG_INFORMATION_FORMAT = dwarf;
				ENABLE_STRICT_OBJC_MSGSEND = YES;
				ENABLE_TESTABILITY = YES;
				GCC_C_LANGUAGE_STANDARD = gnu11;
				GCC_DYNAMIC_NO_PIC = NO;
				GCC_NO_COMMON_BLOCKS = YES;
				GCC_OPTIMIZATION_LEVEL = 0;
				GCC_PREPROCESSOR_DEFINITIONS = (
					"DEBUG=1",
					"$(inherited)",
				);
				GCC_WARN_64_TO_32_BIT_CONVERSION = YES;
				GCC_WARN_ABOUT_RETURN_TYPE = YES_ERROR;
				GCC_WARN_UNDECLARED_SELECTOR = YES;
				GCC_WARN_UNINITIALIZED_AUTOS = YES_AGGRESSIVE;
				GCC_WARN_UNUSED_FUNCTION = YES;
				GCC_WARN_UNUSED_VARIABLE = YES;
				IPHONEOS_DEPLOYMENT_TARGET = 15.2;
				MTL_ENABLE_DEBUG_INFO = INCLUDE_SOURCE;
				MTL_FAST_MATH = YES;
				ONLY_ACTIVE_ARCH = YES;
				SDKROOT = iphoneos;
				SWIFT_ACTIVE_COMPILATION_CONDITIONS = DEBUG;
				SWIFT_OPTIMIZATION_LEVEL = "-Onone";
			};
			name = Debug;
		};
		267DBFE127CE5827003DD58E /* Release */ = {
			isa = XCBuildConfiguration;
			buildSettings = {
				ALWAYS_SEARCH_USER_PATHS = NO;
				CLANG_ANALYZER_NONNULL = YES;
				CLANG_ANALYZER_NUMBER_OBJECT_CONVERSION = YES_AGGRESSIVE;
				CLANG_CXX_LANGUAGE_STANDARD = "gnu++17";
				CLANG_CXX_LIBRARY = "libc++";
				CLANG_ENABLE_MODULES = YES;
				CLANG_ENABLE_OBJC_ARC = YES;
				CLANG_ENABLE_OBJC_WEAK = YES;
				CLANG_WARN_BLOCK_CAPTURE_AUTORELEASING = YES;
				CLANG_WARN_BOOL_CONVERSION = YES;
				CLANG_WARN_COMMA = YES;
				CLANG_WARN_CONSTANT_CONVERSION = YES;
				CLANG_WARN_DEPRECATED_OBJC_IMPLEMENTATIONS = YES;
				CLANG_WARN_DIRECT_OBJC_ISA_USAGE = YES_ERROR;
				CLANG_WARN_DOCUMENTATION_COMMENTS = YES;
				CLANG_WARN_EMPTY_BODY = YES;
				CLANG_WARN_ENUM_CONVERSION = YES;
				CLANG_WARN_INFINITE_RECURSION = YES;
				CLANG_WARN_INT_CONVERSION = YES;
				CLANG_WARN_NON_LITERAL_NULL_CONVERSION = YES;
				CLANG_WARN_OBJC_IMPLICIT_RETAIN_SELF = YES;
				CLANG_WARN_OBJC_LITERAL_CONVERSION = YES;
				CLANG_WARN_OBJC_ROOT_CLASS = YES_ERROR;
				CLANG_WARN_QUOTED_INCLUDE_IN_FRAMEWORK_HEADER = YES;
				CLANG_WARN_RANGE_LOOP_ANALYSIS = YES;
				CLANG_WARN_STRICT_PROTOTYPES = YES;
				CLANG_WARN_SUSPICIOUS_MOVE = YES;
				CLANG_WARN_UNGUARDED_AVAILABILITY = YES_AGGRESSIVE;
				CLANG_WARN_UNREACHABLE_CODE = YES;
				CLANG_WARN__DUPLICATE_METHOD_MATCH = YES;
				COPY_PHASE_STRIP = NO;
				DEBUG_INFORMATION_FORMAT = "dwarf-with-dsym";
				ENABLE_NS_ASSERTIONS = NO;
				ENABLE_STRICT_OBJC_MSGSEND = YES;
				GCC_C_LANGUAGE_STANDARD = gnu11;
				GCC_NO_COMMON_BLOCKS = YES;
				GCC_WARN_64_TO_32_BIT_CONVERSION = YES;
				GCC_WARN_ABOUT_RETURN_TYPE = YES_ERROR;
				GCC_WARN_UNDECLARED_SELECTOR = YES;
				GCC_WARN_UNINITIALIZED_AUTOS = YES_AGGRESSIVE;
				GCC_WARN_UNUSED_FUNCTION = YES;
				GCC_WARN_UNUSED_VARIABLE = YES;
				IPHONEOS_DEPLOYMENT_TARGET = 15.2;
				MTL_ENABLE_DEBUG_INFO = NO;
				MTL_FAST_MATH = YES;
				SDKROOT = iphoneos;
				SWIFT_COMPILATION_MODE = wholemodule;
				SWIFT_OPTIMIZATION_LEVEL = "-O";
				VALIDATE_PRODUCT = YES;
			};
			name = Release;
		};
		267DBFE327CE5827003DD58E /* Debug */ = {
			isa = XCBuildConfiguration;
			buildSettings = {
				ASSETCATALOG_COMPILER_APPICON_NAME = AppIcon;
				ASSETCATALOG_COMPILER_GLOBAL_ACCENT_COLOR_NAME = AccentColor;
				CODE_SIGN_STYLE = Automatic;
				CURRENT_PROJECT_VERSION = 1;
				DEVELOPMENT_TEAM = R29JAW8U7W;
				GENERATE_INFOPLIST_FILE = YES;
				INFOPLIST_FILE = oddEvenGame/Info.plist;
				INFOPLIST_KEY_UIApplicationSupportsIndirectInputEvents = YES;
				INFOPLIST_KEY_UILaunchStoryboardName = LaunchScreen;
				INFOPLIST_KEY_UIMainStoryboardFile = Main;
				INFOPLIST_KEY_UISupportedInterfaceOrientations_iPad = "UIInterfaceOrientationPortrait UIInterfaceOrientationPortraitUpsideDown UIInterfaceOrientationLandscapeLeft UIInterfaceOrientationLandscapeRight";
				INFOPLIST_KEY_UISupportedInterfaceOrientations_iPhone = "UIInterfaceOrientationPortrait UIInterfaceOrientationLandscapeLeft UIInterfaceOrientationLandscapeRight";
				LD_RUNPATH_SEARCH_PATHS = (
					"$(inherited)",
					"@executable_path/Frameworks",
				);
				MARKETING_VERSION = 1.0;
				PRODUCT_BUNDLE_IDENTIFIER = study.oddEvenGame;
				PRODUCT_NAME = "$(TARGET_NAME)";
				SWIFT_EMIT_LOC_STRINGS = YES;
				SWIFT_VERSION = 5.0;
				TARGETED_DEVICE_FAMILY = "1,2";
			};
			name = Debug;
		};
		267DBFE427CE5827003DD58E /* Release */ = {
			isa = XCBuildConfiguration;
			buildSettings = {
				ASSETCATALOG_COMPILER_APPICON_NAME = AppIcon;
				ASSETCATALOG_COMPILER_GLOBAL_ACCENT_COLOR_NAME = AccentColor;
				CODE_SIGN_STYLE = Automatic;
				CURRENT_PROJECT_VERSION = 1;
				DEVELOPMENT_TEAM = R29JAW8U7W;
				GENERATE_INFOPLIST_FILE = YES;
				INFOPLIST_FILE = oddEvenGame/Info.plist;
				INFOPLIST_KEY_UIApplicationSupportsIndirectInputEvents = YES;
				INFOPLIST_KEY_UILaunchStoryboardName = LaunchScreen;
				INFOPLIST_KEY_UIMainStoryboardFile = Main;
				INFOPLIST_KEY_UISupportedInterfaceOrientations_iPad = "UIInterfaceOrientationPortrait UIInterfaceOrientationPortraitUpsideDown UIInterfaceOrientationLandscapeLeft UIInterfaceOrientationLandscapeRight";
				INFOPLIST_KEY_UISupportedInterfaceOrientations_iPhone = "UIInterfaceOrientationPortrait UIInterfaceOrientationLandscapeLeft UIInterfaceOrientationLandscapeRight";
				LD_RUNPATH_SEARCH_PATHS = (
					"$(inherited)",
					"@executable_path/Frameworks",
				);
				MARKETING_VERSION = 1.0;
				PRODUCT_BUNDLE_IDENTIFIER = study.oddEvenGame;
				PRODUCT_NAME = "$(TARGET_NAME)";
				SWIFT_EMIT_LOC_STRINGS = YES;
				SWIFT_VERSION = 5.0;
				TARGETED_DEVICE_FAMILY = "1,2";
			};
			name = Release;
		};
		267DBFE627CE5827003DD58E /* Debug */ = {
			isa = XCBuildConfiguration;
			buildSettings = {
				ALWAYS_EMBED_SWIFT_STANDARD_LIBRARIES = YES;
				BUNDLE_LOADER = "$(TEST_HOST)";
				CODE_SIGN_STYLE = Automatic;
				CURRENT_PROJECT_VERSION = 1;
				DEVELOPMENT_TEAM = R29JAW8U7W;
				GENERATE_INFOPLIST_FILE = YES;
				IPHONEOS_DEPLOYMENT_TARGET = 15.2;
				MARKETING_VERSION = 1.0;
				PRODUCT_BUNDLE_IDENTIFIER = study.oddEvenGameTests;
				PRODUCT_NAME = "$(TARGET_NAME)";
				SWIFT_EMIT_LOC_STRINGS = NO;
				SWIFT_VERSION = 5.0;
				TARGETED_DEVICE_FAMILY = "1,2";
				TEST_HOST = "$(BUILT_PRODUCTS_DIR)/oddEvenGame.app/oddEvenGame";
			};
			name = Debug;
		};
		267DBFE727CE5827003DD58E /* Release */ = {
			isa = XCBuildConfiguration;
			buildSettings = {
				ALWAYS_EMBED_SWIFT_STANDARD_LIBRARIES = YES;
				BUNDLE_LOADER = "$(TEST_HOST)";
				CODE_SIGN_STYLE = Automatic;
				CURRENT_PROJECT_VERSION = 1;
				DEVELOPMENT_TEAM = R29JAW8U7W;
				GENERATE_INFOPLIST_FILE = YES;
				IPHONEOS_DEPLOYMENT_TARGET = 15.2;
				MARKETING_VERSION = 1.0;
				PRODUCT_BUNDLE_IDENTIFIER = study.oddEvenGameTests;
				PRODUCT_NAME = "$(TARGET_NAME)";
				SWIFT_EMIT_LOC_STRINGS = NO;
				SWIFT_VERSION = 5.0;
				TARGETED_DEVICE_FAMILY = "1,2";
				TEST_HOST = "$(BUILT_PRODUCTS_DIR)/oddEvenGame.app/oddEvenGame";
			};
			name = Release;
		};
		267DBFE927CE5827003DD58E /* Debug */ = {
			isa = XCBuildConfiguration;
			buildSettings = {
				ALWAYS_EMBED_SWIFT_STANDARD_LIBRARIES = YES;
				CODE_SIGN_STYLE = Automatic;
				CURRENT_PROJECT_VERSION = 1;
				DEVELOPMENT_TEAM = R29JAW8U7W;
				GENERATE_INFOPLIST_FILE = YES;
				MARKETING_VERSION = 1.0;
				PRODUCT_BUNDLE_IDENTIFIER = study.oddEvenGameUITests;
				PRODUCT_NAME = "$(TARGET_NAME)";
				SWIFT_EMIT_LOC_STRINGS = NO;
				SWIFT_VERSION = 5.0;
				TARGETED_DEVICE_FAMILY = "1,2";
				TEST_TARGET_NAME = oddEvenGame;
			};
			name = Debug;
		};
		267DBFEA27CE5827003DD58E /* Release */ = {
			isa = XCBuildConfiguration;
			buildSettings = {
				ALWAYS_EMBED_SWIFT_STANDARD_LIBRARIES = YES;
				CODE_SIGN_STYLE = Automatic;
				CURRENT_PROJECT_VERSION = 1;
				DEVELOPMENT_TEAM = R29JAW8U7W;
				GENERATE_INFOPLIST_FILE = YES;
				MARKETING_VERSION = 1.0;
				PRODUCT_BUNDLE_IDENTIFIER = study.oddEvenGameUITests;
				PRODUCT_NAME = "$(TARGET_NAME)";
				SWIFT_EMIT_LOC_STRINGS = NO;
				SWIFT_VERSION = 5.0;
				TARGETED_DEVICE_FAMILY = "1,2";
				TEST_TARGET_NAME = oddEvenGame;
			};
			name = Release;
		};
/* End XCBuildConfiguration section */

/* Begin XCConfigurationList section */
		267DBFB327CE5826003DD58E /* Build configuration list for PBXProject "oddEvenGame" */ = {
			isa = XCConfigurationList;
			buildConfigurations = (
				267DBFE027CE5827003DD58E /* Debug */,
				267DBFE127CE5827003DD58E /* Release */,
			);
			defaultConfigurationIsVisible = 0;
			defaultConfigurationName = Release;
		};
		267DBFE227CE5827003DD58E /* Build configuration list for PBXNativeTarget "oddEvenGame" */ = {
			isa = XCConfigurationList;
			buildConfigurations = (
				267DBFE327CE5827003DD58E /* Debug */,
				267DBFE427CE5827003DD58E /* Release */,
			);
			defaultConfigurationIsVisible = 0;
			defaultConfigurationName = Release;
		};
		267DBFE527CE5827003DD58E /* Build configuration list for PBXNativeTarget "oddEvenGameTests" */ = {
			isa = XCConfigurationList;
			buildConfigurations = (
				267DBFE627CE5827003DD58E /* Debug */,
				267DBFE727CE5827003DD58E /* Release */,
			);
			defaultConfigurationIsVisible = 0;
			defaultConfigurationName = Release;
		};
		267DBFE827CE5827003DD58E /* Build configuration list for PBXNativeTarget "oddEvenGameUITests" */ = {
			isa = XCConfigurationList;
			buildConfigurations = (
				267DBFE927CE5827003DD58E /* Debug */,
				267DBFEA27CE5827003DD58E /* Release */,
			);
			defaultConfigurationIsVisible = 0;
			defaultConfigurationName = Release;
		};
/* End XCConfigurationList section */
	};
	rootObject = 267DBFB027CE5826003DD58E /* Project object */;
}
