// !$*UTF8*$!
{
	archiveVersion = 1;
	classes = {
	};
	objectVersion = 55;
	objects = {

/* Begin PBXBuildFile section */
		268C9A9727CE18CF00929268 /* AppDelegate.swift in Sources */ = {isa = PBXBuildFile; fileRef = 268C9A9627CE18CF00929268 /* AppDelegate.swift */; };
		268C9A9927CE18CF00929268 /* SceneDelegate.swift in Sources */ = {isa = PBXBuildFile; fileRef = 268C9A9827CE18CF00929268 /* SceneDelegate.swift */; };
		268C9A9B27CE18CF00929268 /* ViewController.swift in Sources */ = {isa = PBXBuildFile; fileRef = 268C9A9A27CE18CF00929268 /* ViewController.swift */; };
		268C9A9E27CE18CF00929268 /* Main.storyboard in Resources */ = {isa = PBXBuildFile; fileRef = 268C9A9C27CE18CF00929268 /* Main.storyboard */; };
		268C9AA027CE18CF00929268 /* Assets.xcassets in Resources */ = {isa = PBXBuildFile; fileRef = 268C9A9F27CE18CF00929268 /* Assets.xcassets */; };
		268C9AA327CE18CF00929268 /* LaunchScreen.storyboard in Resources */ = {isa = PBXBuildFile; fileRef = 268C9AA127CE18CF00929268 /* LaunchScreen.storyboard */; };
		268C9AAE27CE18D000929268 /* oddEvenGameTests.swift in Sources */ = {isa = PBXBuildFile; fileRef = 268C9AAD27CE18D000929268 /* oddEvenGameTests.swift */; };
		268C9AB827CE18D000929268 /* oddEvenGameUITests.swift in Sources */ = {isa = PBXBuildFile; fileRef = 268C9AB727CE18D000929268 /* oddEvenGameUITests.swift */; };
		268C9ABA27CE18D000929268 /* oddEvenGameUITestsLaunchTests.swift in Sources */ = {isa = PBXBuildFile; fileRef = 268C9AB927CE18D000929268 /* oddEvenGameUITestsLaunchTests.swift */; };
/* End PBXBuildFile section */

/* Begin PBXContainerItemProxy section */
		268C9AAA27CE18D000929268 /* PBXContainerItemProxy */ = {
			isa = PBXContainerItemProxy;
			containerPortal = 268C9A8B27CE18CF00929268 /* Project object */;
			proxyType = 1;
			remoteGlobalIDString = 268C9A9227CE18CF00929268;
			remoteInfo = oddEvenGame;
		};
		268C9AB427CE18D000929268 /* PBXContainerItemProxy */ = {
			isa = PBXContainerItemProxy;
			containerPortal = 268C9A8B27CE18CF00929268 /* Project object */;
			proxyType = 1;
			remoteGlobalIDString = 268C9A9227CE18CF00929268;
			remoteInfo = oddEvenGame;
		};
/* End PBXContainerItemProxy section */

/* Begin PBXFileReference section */
		268C9A9327CE18CF00929268 /* oddEvenGame.app */ = {isa = PBXFileReference; explicitFileType = wrapper.application; includeInIndex = 0; path = oddEvenGame.app; sourceTree = BUILT_PRODUCTS_DIR; };
		268C9A9627CE18CF00929268 /* AppDelegate.swift */ = {isa = PBXFileReference; lastKnownFileType = sourcecode.swift; path = AppDelegate.swift; sourceTree = "<group>"; };
		268C9A9827CE18CF00929268 /* SceneDelegate.swift */ = {isa = PBXFileReference; lastKnownFileType = sourcecode.swift; path = SceneDelegate.swift; sourceTree = "<group>"; };
		268C9A9A27CE18CF00929268 /* ViewController.swift */ = {isa = PBXFileReference; lastKnownFileType = sourcecode.swift; path = ViewController.swift; sourceTree = "<group>"; };
		268C9A9D27CE18CF00929268 /* Base */ = {isa = PBXFileReference; lastKnownFileType = file.storyboard; name = Base; path = Base.lproj/Main.storyboard; sourceTree = "<group>"; };
		268C9A9F27CE18CF00929268 /* Assets.xcassets */ = {isa = PBXFileReference; lastKnownFileType = folder.assetcatalog; path = Assets.xcassets; sourceTree = "<group>"; };
		268C9AA227CE18CF00929268 /* Base */ = {isa = PBXFileReference; lastKnownFileType = file.storyboard; name = Base; path = Base.lproj/LaunchScreen.storyboard; sourceTree = "<group>"; };
		268C9AA427CE18CF00929268 /* Info.plist */ = {isa = PBXFileReference; lastKnownFileType = text.plist.xml; path = Info.plist; sourceTree = "<group>"; };
		268C9AA927CE18D000929268 /* oddEvenGameTests.xctest */ = {isa = PBXFileReference; explicitFileType = wrapper.cfbundle; includeInIndex = 0; path = oddEvenGameTests.xctest; sourceTree = BUILT_PRODUCTS_DIR; };
		268C9AAD27CE18D000929268 /* oddEvenGameTests.swift */ = {isa = PBXFileReference; lastKnownFileType = sourcecode.swift; path = oddEvenGameTests.swift; sourceTree = "<group>"; };
		268C9AB327CE18D000929268 /* oddEvenGameUITests.xctest */ = {isa = PBXFileReference; explicitFileType = wrapper.cfbundle; includeInIndex = 0; path = oddEvenGameUITests.xctest; sourceTree = BUILT_PRODUCTS_DIR; };
		268C9AB727CE18D000929268 /* oddEvenGameUITests.swift */ = {isa = PBXFileReference; lastKnownFileType = sourcecode.swift; path = oddEvenGameUITests.swift; sourceTree = "<group>"; };
		268C9AB927CE18D000929268 /* oddEvenGameUITestsLaunchTests.swift */ = {isa = PBXFileReference; lastKnownFileType = sourcecode.swift; path = oddEvenGameUITestsLaunchTests.swift; sourceTree = "<group>"; };
/* End PBXFileReference section */

/* Begin PBXFrameworksBuildPhase section */
		268C9A9027CE18CF00929268 /* Frameworks */ = {
			isa = PBXFrameworksBuildPhase;
			buildActionMask = 2147483647;
			files = (
			);
			runOnlyForDeploymentPostprocessing = 0;
		};
		268C9AA627CE18D000929268 /* Frameworks */ = {
			isa = PBXFrameworksBuildPhase;
			buildActionMask = 2147483647;
			files = (
			);
			runOnlyForDeploymentPostprocessing = 0;
		};
		268C9AB027CE18D000929268 /* Frameworks */ = {
			isa = PBXFrameworksBuildPhase;
			buildActionMask = 2147483647;
			files = (
			);
			runOnlyForDeploymentPostprocessing = 0;
		};
/* End PBXFrameworksBuildPhase section */

/* Begin PBXGroup section */
		268C9A8A27CE18CF00929268 = {
			isa = PBXGroup;
			children = (
				268C9A9527CE18CF00929268 /* oddEvenGame */,
				268C9AAC27CE18D000929268 /* oddEvenGameTests */,
				268C9AB627CE18D000929268 /* oddEvenGameUITests */,
				268C9A9427CE18CF00929268 /* Products */,
			);
			sourceTree = "<group>";
		};
		268C9A9427CE18CF00929268 /* Products */ = {
			isa = PBXGroup;
			children = (
				268C9A9327CE18CF00929268 /* oddEvenGame.app */,
				268C9AA927CE18D000929268 /* oddEvenGameTests.xctest */,
				268C9AB327CE18D000929268 /* oddEvenGameUITests.xctest */,
			);
			name = Products;
			sourceTree = "<group>";
		};
		268C9A9527CE18CF00929268 /* oddEvenGame */ = {
			isa = PBXGroup;
			children = (
				268C9A9627CE18CF00929268 /* AppDelegate.swift */,
				268C9A9827CE18CF00929268 /* SceneDelegate.swift */,
				268C9A9A27CE18CF00929268 /* ViewController.swift */,
				268C9A9C27CE18CF00929268 /* Main.storyboard */,
				268C9A9F27CE18CF00929268 /* Assets.xcassets */,
				268C9AA127CE18CF00929268 /* LaunchScreen.storyboard */,
				268C9AA427CE18CF00929268 /* Info.plist */,
			);
			path = oddEvenGame;
			sourceTree = "<group>";
		};
		268C9AAC27CE18D000929268 /* oddEvenGameTests */ = {
			isa = PBXGroup;
			children = (
				268C9AAD27CE18D000929268 /* oddEvenGameTests.swift */,
			);
			path = oddEvenGameTests;
			sourceTree = "<group>";
		};
		268C9AB627CE18D000929268 /* oddEvenGameUITests */ = {
			isa = PBXGroup;
			children = (
				268C9AB727CE18D000929268 /* oddEvenGameUITests.swift */,
				268C9AB927CE18D000929268 /* oddEvenGameUITestsLaunchTests.swift */,
			);
			path = oddEvenGameUITests;
			sourceTree = "<group>";
		};
/* End PBXGroup section */

/* Begin PBXNativeTarget section */
		268C9A9227CE18CF00929268 /* oddEvenGame */ = {
			isa = PBXNativeTarget;
			buildConfigurationList = 268C9ABD27CE18D000929268 /* Build configuration list for PBXNativeTarget "oddEvenGame" */;
			buildPhases = (
				268C9A8F27CE18CF00929268 /* Sources */,
				268C9A9027CE18CF00929268 /* Frameworks */,
				268C9A9127CE18CF00929268 /* Resources */,
			);
			buildRules = (
			);
			dependencies = (
			);
			name = oddEvenGame;
			productName = oddEvenGame;
			productReference = 268C9A9327CE18CF00929268 /* oddEvenGame.app */;
			productType = "com.apple.product-type.application";
		};
		268C9AA827CE18D000929268 /* oddEvenGameTests */ = {
			isa = PBXNativeTarget;
			buildConfigurationList = 268C9AC027CE18D000929268 /* Build configuration list for PBXNativeTarget "oddEvenGameTests" */;
			buildPhases = (
				268C9AA527CE18D000929268 /* Sources */,
				268C9AA627CE18D000929268 /* Frameworks */,
				268C9AA727CE18D000929268 /* Resources */,
			);
			buildRules = (
			);
			dependencies = (
				268C9AAB27CE18D000929268 /* PBXTargetDependency */,
			);
			name = oddEvenGameTests;
			productName = oddEvenGameTests;
			productReference = 268C9AA927CE18D000929268 /* oddEvenGameTests.xctest */;
			productType = "com.apple.product-type.bundle.unit-test";
		};
		268C9AB227CE18D000929268 /* oddEvenGameUITests */ = {
			isa = PBXNativeTarget;
			buildConfigurationList = 268C9AC327CE18D000929268 /* Build configuration list for PBXNativeTarget "oddEvenGameUITests" */;
			buildPhases = (
				268C9AAF27CE18D000929268 /* Sources */,
				268C9AB027CE18D000929268 /* Frameworks */,
				268C9AB127CE18D000929268 /* Resources */,
			);
			buildRules = (
			);
			dependencies = (
				268C9AB527CE18D000929268 /* PBXTargetDependency */,
			);
			name = oddEvenGameUITests;
			productName = oddEvenGameUITests;
			productReference = 268C9AB327CE18D000929268 /* oddEvenGameUITests.xctest */;
			productType = "com.apple.product-type.bundle.ui-testing";
		};
/* End PBXNativeTarget section */

/* Begin PBXProject section */
		268C9A8B27CE18CF00929268 /* Project object */ = {
			isa = PBXProject;
			attributes = {
				BuildIndependentTargetsInParallel = 1;
				LastSwiftUpdateCheck = 1320;
				LastUpgradeCheck = 1320;
				TargetAttributes = {
					268C9A9227CE18CF00929268 = {
						CreatedOnToolsVersion = 13.2.1;
					};
					268C9AA827CE18D000929268 = {
						CreatedOnToolsVersion = 13.2.1;
						TestTargetID = 268C9A9227CE18CF00929268;
					};
					268C9AB227CE18D000929268 = {
						CreatedOnToolsVersion = 13.2.1;
						TestTargetID = 268C9A9227CE18CF00929268;
					};
				};
			};
			buildConfigurationList = 268C9A8E27CE18CF00929268 /* Build configuration list for PBXProject "oddEvenGame" */;
			compatibilityVersion = "Xcode 13.0";
			developmentRegion = en;
			hasScannedForEncodings = 0;
			knownRegions = (
				en,
				Base,
			);
			mainGroup = 268C9A8A27CE18CF00929268;
			productRefGroup = 268C9A9427CE18CF00929268 /* Products */;
			projectDirPath = "";
			projectRoot = "";
			targets = (
				268C9A9227CE18CF00929268 /* oddEvenGame */,
				268C9AA827CE18D000929268 /* oddEvenGameTests */,
				268C9AB227CE18D000929268 /* oddEvenGameUITests */,
			);
		};
/* End PBXProject section */

/* Begin PBXResourcesBuildPhase section */
		268C9A9127CE18CF00929268 /* Resources */ = {
			isa = PBXResourcesBuildPhase;
			buildActionMask = 2147483647;
			files = (
				268C9AA327CE18CF00929268 /* LaunchScreen.storyboard in Resources */,
				268C9AA027CE18CF00929268 /* Assets.xcassets in Resources */,
				268C9A9E27CE18CF00929268 /* Main.storyboard in Resources */,
			);
			runOnlyForDeploymentPostprocessing = 0;
		};
		268C9AA727CE18D000929268 /* Resources */ = {
			isa = PBXResourcesBuildPhase;
			buildActionMask = 2147483647;
			files = (
			);
			runOnlyForDeploymentPostprocessing = 0;
		};
		268C9AB127CE18D000929268 /* Resources */ = {
			isa = PBXResourcesBuildPhase;
			buildActionMask = 2147483647;
			files = (
			);
			runOnlyForDeploymentPostprocessing = 0;
		};
/* End PBXResourcesBuildPhase section */

/* Begin PBXSourcesBuildPhase section */
		268C9A8F27CE18CF00929268 /* Sources */ = {
			isa = PBXSourcesBuildPhase;
			buildActionMask = 2147483647;
			files = (
				268C9A9B27CE18CF00929268 /* ViewController.swift in Sources */,
				268C9A9727CE18CF00929268 /* AppDelegate.swift in Sources */,
				268C9A9927CE18CF00929268 /* SceneDelegate.swift in Sources */,
			);
			runOnlyForDeploymentPostprocessing = 0;
		};
		268C9AA527CE18D000929268 /* Sources */ = {
			isa = PBXSourcesBuildPhase;
			buildActionMask = 2147483647;
			files = (
				268C9AAE27CE18D000929268 /* oddEvenGameTests.swift in Sources */,
			);
			runOnlyForDeploymentPostprocessing = 0;
		};
		268C9AAF27CE18D000929268 /* Sources */ = {
			isa = PBXSourcesBuildPhase;
			buildActionMask = 2147483647;
			files = (
				268C9ABA27CE18D000929268 /* oddEvenGameUITestsLaunchTests.swift in Sources */,
				268C9AB827CE18D000929268 /* oddEvenGameUITests.swift in Sources */,
			);
			runOnlyForDeploymentPostprocessing = 0;
		};
/* End PBXSourcesBuildPhase section */

/* Begin PBXTargetDependency section */
		268C9AAB27CE18D000929268 /* PBXTargetDependency */ = {
			isa = PBXTargetDependency;
			target = 268C9A9227CE18CF00929268 /* oddEvenGame */;
			targetProxy = 268C9AAA27CE18D000929268 /* PBXContainerItemProxy */;
		};
		268C9AB527CE18D000929268 /* PBXTargetDependency */ = {
			isa = PBXTargetDependency;
			target = 268C9A9227CE18CF00929268 /* oddEvenGame */;
			targetProxy = 268C9AB427CE18D000929268 /* PBXContainerItemProxy */;
		};
/* End PBXTargetDependency section */

/* Begin PBXVariantGroup section */
		268C9A9C27CE18CF00929268 /* Main.storyboard */ = {
			isa = PBXVariantGroup;
			children = (
				268C9A9D27CE18CF00929268 /* Base */,
			);
			name = Main.storyboard;
			sourceTree = "<group>";
		};
		268C9AA127CE18CF00929268 /* LaunchScreen.storyboard */ = {
			isa = PBXVariantGroup;
			children = (
				268C9AA227CE18CF00929268 /* Base */,
			);
			name = LaunchScreen.storyboard;
			sourceTree = "<group>";
		};
/* End PBXVariantGroup section */

/* Begin XCBuildConfiguration section */
		268C9ABB27CE18D000929268 /* Debug */ = {
			isa = XCBuildConfiguration;
			buildSettings = {
				ALWAYS_SEARCH_USER_PATHS = NO;
				CLANG_ANALYZER_NONNULL = YES;
				CLANG_ANALYZER_NUMBER_OBJECT_CONVERSION = YES_AGGRESSIVE;
				CLANG_CXX_LANGUAGE_STANDARD = "gnu++17";
				CLANG_CXX_LIBRARY = "libc++";
				CLANG_ENABLE_MODULES = YES;
				CLANG_ENABLE_OBJC_ARC = YES;
				CLANG_ENABLE_OBJC_WEAK = YES;
				CLANG_WARN_BLOCK_CAPTURE_AUTORELEASING = YES;
				CLANG_WARN_BOOL_CONVERSION = YES;
				CLANG_WARN_COMMA = YES;
				CLANG_WARN_CONSTANT_CONVERSION = YES;
				CLANG_WARN_DEPRECATED_OBJC_IMPLEMENTATIONS = YES;
				CLANG_WARN_DIRECT_OBJC_ISA_USAGE = YES_ERROR;
				CLANG_WARN_DOCUMENTATION_COMMENTS = YES;
				CLANG_WARN_EMPTY_BODY = YES;
				CLANG_WARN_ENUM_CONVERSION = YES;
				CLANG_WARN_INFINITE_RECURSION = YES;
				CLANG_WARN_INT_CONVERSION = YES;
				CLANG_WARN_NON_LITERAL_NULL_CONVERSION = YES;
				CLANG_WARN_OBJC_IMPLICIT_RETAIN_SELF = YES;
				CLANG_WARN_OBJC_LITERAL_CONVERSION = YES;
				CLANG_WARN_OBJC_ROOT_CLASS = YES_ERROR;
				CLANG_WARN_QUOTED_INCLUDE_IN_FRAMEWORK_HEADER = YES;
				CLANG_WARN_RANGE_LOOP_ANALYSIS = YES;
				CLANG_WARN_STRICT_PROTOTYPES = YES;
				CLANG_WARN_SUSPICIOUS_MOVE = YES;
				CLANG_WARN_UNGUARDED_AVAILABILITY = YES_AGGRESSIVE;
				CLANG_WARN_UNREACHABLE_CODE = YES;
				CLANG_WARN__DUPLICATE_METHOD_MATCH = YES;
				COPY_PHASE_STRIP = NO;
				DEBUG_INFORMATION_FORMAT = dwarf;
				ENABLE_STRICT_OBJC_MSGSEND = YES;
				ENABLE_TESTABILITY = YES;
				GCC_C_LANGUAGE_STANDARD = gnu11;
				GCC_DYNAMIC_NO_PIC = NO;
				GCC_NO_COMMON_BLOCKS = YES;
				GCC_OPTIMIZATION_LEVEL = 0;
				GCC_PREPROCESSOR_DEFINITIONS = (
					"DEBUG=1",
					"$(inherited)",
				);
				GCC_WARN_64_TO_32_BIT_CONVERSION = YES;
				GCC_WARN_ABOUT_RETURN_TYPE = YES_ERROR;
				GCC_WARN_UNDECLARED_SELECTOR = YES;
				GCC_WARN_UNINITIALIZED_AUTOS = YES_AGGRESSIVE;
				GCC_WARN_UNUSED_FUNCTION = YES;
				GCC_WARN_UNUSED_VARIABLE = YES;
				IPHONEOS_DEPLOYMENT_TARGET = 15.2;
				MTL_ENABLE_DEBUG_INFO = INCLUDE_SOURCE;
				MTL_FAST_MATH = YES;
				ONLY_ACTIVE_ARCH = YES;
				SDKROOT = iphoneos;
				SWIFT_ACTIVE_COMPILATION_CONDITIONS = DEBUG;
				SWIFT_OPTIMIZATION_LEVEL = "-Onone";
			};
			name = Debug;
		};
		268C9ABC27CE18D000929268 /* Release */ = {
			isa = XCBuildConfiguration;
			buildSettings = {
				ALWAYS_SEARCH_USER_PATHS = NO;
				CLANG_ANALYZER_NONNULL = YES;
				CLANG_ANALYZER_NUMBER_OBJECT_CONVERSION = YES_AGGRESSIVE;
				CLANG_CXX_LANGUAGE_STANDARD = "gnu++17";
				CLANG_CXX_LIBRARY = "libc++";
				CLANG_ENABLE_MODULES = YES;
				CLANG_ENABLE_OBJC_ARC = YES;
				CLANG_ENABLE_OBJC_WEAK = YES;
				CLANG_WARN_BLOCK_CAPTURE_AUTORELEASING = YES;
				CLANG_WARN_BOOL_CONVERSION = YES;
				CLANG_WARN_COMMA = YES;
				CLANG_WARN_CONSTANT_CONVERSION = YES;
				CLANG_WARN_DEPRECATED_OBJC_IMPLEMENTATIONS = YES;
				CLANG_WARN_DIRECT_OBJC_ISA_USAGE = YES_ERROR;
				CLANG_WARN_DOCUMENTATION_COMMENTS = YES;
				CLANG_WARN_EMPTY_BODY = YES;
				CLANG_WARN_ENUM_CONVERSION = YES;
				CLANG_WARN_INFINITE_RECURSION = YES;
				CLANG_WARN_INT_CONVERSION = YES;
				CLANG_WARN_NON_LITERAL_NULL_CONVERSION = YES;
				CLANG_WARN_OBJC_IMPLICIT_RETAIN_SELF = YES;
				CLANG_WARN_OBJC_LITERAL_CONVERSION = YES;
				CLANG_WARN_OBJC_ROOT_CLASS = YES_ERROR;
				CLANG_WARN_QUOTED_INCLUDE_IN_FRAMEWORK_HEADER = YES;
				CLANG_WARN_RANGE_LOOP_ANALYSIS = YES;
				CLANG_WARN_STRICT_PROTOTYPES = YES;
				CLANG_WARN_SUSPICIOUS_MOVE = YES;
				CLANG_WARN_UNGUARDED_AVAILABILITY = YES_AGGRESSIVE;
				CLANG_WARN_UNREACHABLE_CODE = YES;
				CLANG_WARN__DUPLICATE_METHOD_MATCH = YES;
				COPY_PHASE_STRIP = NO;
				DEBUG_INFORMATION_FORMAT = "dwarf-with-dsym";
				ENABLE_NS_ASSERTIONS = NO;
				ENABLE_STRICT_OBJC_MSGSEND = YES;
				GCC_C_LANGUAGE_STANDARD = gnu11;
				GCC_NO_COMMON_BLOCKS = YES;
				GCC_WARN_64_TO_32_BIT_CONVERSION = YES;
				GCC_WARN_ABOUT_RETURN_TYPE = YES_ERROR;
				GCC_WARN_UNDECLARED_SELECTOR = YES;
				GCC_WARN_UNINITIALIZED_AUTOS = YES_AGGRESSIVE;
				GCC_WARN_UNUSED_FUNCTION = YES;
				GCC_WARN_UNUSED_VARIABLE = YES;
				IPHONEOS_DEPLOYMENT_TARGET = 15.2;
				MTL_ENABLE_DEBUG_INFO = NO;
				MTL_FAST_MATH = YES;
				SDKROOT = iphoneos;
				SWIFT_COMPILATION_MODE = wholemodule;
				SWIFT_OPTIMIZATION_LEVEL = "-O";
				VALIDATE_PRODUCT = YES;
			};
			name = Release;
		};
		268C9ABE27CE18D000929268 /* Debug */ = {
			isa = XCBuildConfiguration;
			buildSettings = {
				ASSETCATALOG_COMPILER_APPICON_NAME = AppIcon;
				ASSETCATALOG_COMPILER_GLOBAL_ACCENT_COLOR_NAME = AccentColor;
				CODE_SIGN_STYLE = Automatic;
				CURRENT_PROJECT_VERSION = 1;
				DEVELOPMENT_TEAM = R29JAW8U7W;
				GENERATE_INFOPLIST_FILE = YES;
				INFOPLIST_FILE = oddEvenGame/Info.plist;
				INFOPLIST_KEY_UIApplicationSupportsIndirectInputEvents = YES;
				INFOPLIST_KEY_UILaunchStoryboardName = LaunchScreen;
				INFOPLIST_KEY_UIMainStoryboardFile = Main;
				INFOPLIST_KEY_UISupportedInterfaceOrientations_iPad = "UIInterfaceOrientationPortrait UIInterfaceOrientationPortraitUpsideDown UIInterfaceOrientationLandscapeLeft UIInterfaceOrientationLandscapeRight";
				INFOPLIST_KEY_UISupportedInterfaceOrientations_iPhone = "UIInterfaceOrientationPortrait UIInterfaceOrientationLandscapeLeft UIInterfaceOrientationLandscapeRight";
				LD_RUNPATH_SEARCH_PATHS = (
					"$(inherited)",
					"@executable_path/Frameworks",
				);
				MARKETING_VERSION = 1.0;
				PRODUCT_BUNDLE_IDENTIFIER = study.oddEvenGame;
				PRODUCT_NAME = "$(TARGET_NAME)";
				SWIFT_EMIT_LOC_STRINGS = YES;
				SWIFT_VERSION = 5.0;
				TARGETED_DEVICE_FAMILY = "1,2";
			};
			name = Debug;
		};
		268C9ABF27CE18D000929268 /* Release */ = {
			isa = XCBuildConfiguration;
			buildSettings = {
				ASSETCATALOG_COMPILER_APPICON_NAME = AppIcon;
				ASSETCATALOG_COMPILER_GLOBAL_ACCENT_COLOR_NAME = AccentColor;
				CODE_SIGN_STYLE = Automatic;
				CURRENT_PROJECT_VERSION = 1;
				DEVELOPMENT_TEAM = R29JAW8U7W;
				GENERATE_INFOPLIST_FILE = YES;
				INFOPLIST_FILE = oddEvenGame/Info.plist;
				INFOPLIST_KEY_UIApplicationSupportsIndirectInputEvents = YES;
				INFOPLIST_KEY_UILaunchStoryboardName = LaunchScreen;
				INFOPLIST_KEY_UIMainStoryboardFile = Main;
				INFOPLIST_KEY_UISupportedInterfaceOrientations_iPad = "UIInterfaceOrientationPortrait UIInterfaceOrientationPortraitUpsideDown UIInterfaceOrientationLandscapeLeft UIInterfaceOrientationLandscapeRight";
				INFOPLIST_KEY_UISupportedInterfaceOrientations_iPhone = "UIInterfaceOrientationPortrait UIInterfaceOrientationLandscapeLeft UIInterfaceOrientationLandscapeRight";
				LD_RUNPATH_SEARCH_PATHS = (
					"$(inherited)",
					"@executable_path/Frameworks",
				);
				MARKETING_VERSION = 1.0;
				PRODUCT_BUNDLE_IDENTIFIER = study.oddEvenGame;
				PRODUCT_NAME = "$(TARGET_NAME)";
				SWIFT_EMIT_LOC_STRINGS = YES;
				SWIFT_VERSION = 5.0;
				TARGETED_DEVICE_FAMILY = "1,2";
			};
			name = Release;
		};
		268C9AC127CE18D000929268 /* Debug */ = {
			isa = XCBuildConfiguration;
			buildSettings = {
				ALWAYS_EMBED_SWIFT_STANDARD_LIBRARIES = YES;
				BUNDLE_LOADER = "$(TEST_HOST)";
				CODE_SIGN_STYLE = Automatic;
				CURRENT_PROJECT_VERSION = 1;
				DEVELOPMENT_TEAM = R29JAW8U7W;
				GENERATE_INFOPLIST_FILE = YES;
				IPHONEOS_DEPLOYMENT_TARGET = 15.2;
				MARKETING_VERSION = 1.0;
				PRODUCT_BUNDLE_IDENTIFIER = study.oddEvenGameTests;
				PRODUCT_NAME = "$(TARGET_NAME)";
				SWIFT_EMIT_LOC_STRINGS = NO;
				SWIFT_VERSION = 5.0;
				TARGETED_DEVICE_FAMILY = "1,2";
				TEST_HOST = "$(BUILT_PRODUCTS_DIR)/oddEvenGame.app/oddEvenGame";
			};
			name = Debug;
		};
		268C9AC227CE18D000929268 /* Release */ = {
			isa = XCBuildConfiguration;
			buildSettings = {
				ALWAYS_EMBED_SWIFT_STANDARD_LIBRARIES = YES;
				BUNDLE_LOADER = "$(TEST_HOST)";
				CODE_SIGN_STYLE = Automatic;
				CURRENT_PROJECT_VERSION = 1;
				DEVELOPMENT_TEAM = R29JAW8U7W;
				GENERATE_INFOPLIST_FILE = YES;
				IPHONEOS_DEPLOYMENT_TARGET = 15.2;
				MARKETING_VERSION = 1.0;
				PRODUCT_BUNDLE_IDENTIFIER = study.oddEvenGameTests;
				PRODUCT_NAME = "$(TARGET_NAME)";
				SWIFT_EMIT_LOC_STRINGS = NO;
				SWIFT_VERSION = 5.0;
				TARGETED_DEVICE_FAMILY = "1,2";
				TEST_HOST = "$(BUILT_PRODUCTS_DIR)/oddEvenGame.app/oddEvenGame";
			};
			name = Release;
		};
		268C9AC427CE18D000929268 /* Debug */ = {
			isa = XCBuildConfiguration;
			buildSettings = {
				ALWAYS_EMBED_SWIFT_STANDARD_LIBRARIES = YES;
				CODE_SIGN_STYLE = Automatic;
				CURRENT_PROJECT_VERSION = 1;
				DEVELOPMENT_TEAM = R29JAW8U7W;
				GENERATE_INFOPLIST_FILE = YES;
				MARKETING_VERSION = 1.0;
				PRODUCT_BUNDLE_IDENTIFIER = study.oddEvenGameUITests;
				PRODUCT_NAME = "$(TARGET_NAME)";
				SWIFT_EMIT_LOC_STRINGS = NO;
				SWIFT_VERSION = 5.0;
				TARGETED_DEVICE_FAMILY = "1,2";
				TEST_TARGET_NAME = oddEvenGame;
			};
			name = Debug;
		};
		268C9AC527CE18D000929268 /* Release */ = {
			isa = XCBuildConfiguration;
			buildSettings = {
				ALWAYS_EMBED_SWIFT_STANDARD_LIBRARIES = YES;
				CODE_SIGN_STYLE = Automatic;
				CURRENT_PROJECT_VERSION = 1;
				DEVELOPMENT_TEAM = R29JAW8U7W;
				GENERATE_INFOPLIST_FILE = YES;
				MARKETING_VERSION = 1.0;
				PRODUCT_BUNDLE_IDENTIFIER = study.oddEvenGameUITests;
				PRODUCT_NAME = "$(TARGET_NAME)";
				SWIFT_EMIT_LOC_STRINGS = NO;
				SWIFT_VERSION = 5.0;
				TARGETED_DEVICE_FAMILY = "1,2";
				TEST_TARGET_NAME = oddEvenGame;
			};
			name = Release;
		};
/* End XCBuildConfiguration section */

/* Begin XCConfigurationList section */
		268C9A8E27CE18CF00929268 /* Build configuration list for PBXProject "oddEvenGame" */ = {
			isa = XCConfigurationList;
			buildConfigurations = (
				268C9ABB27CE18D000929268 /* Debug */,
				268C9ABC27CE18D000929268 /* Release */,
			);
			defaultConfigurationIsVisible = 0;
			defaultConfigurationName = Release;
		};
		268C9ABD27CE18D000929268 /* Build configuration list for PBXNativeTarget "oddEvenGame" */ = {
			isa = XCConfigurationList;
			buildConfigurations = (
				268C9ABE27CE18D000929268 /* Debug */,
				268C9ABF27CE18D000929268 /* Release */,
			);
			defaultConfigurationIsVisible = 0;
			defaultConfigurationName = Release;
		};
		268C9AC027CE18D000929268 /* Build configuration list for PBXNativeTarget "oddEvenGameTests" */ = {
			isa = XCConfigurationList;
			buildConfigurations = (
				268C9AC127CE18D000929268 /* Debug */,
				268C9AC227CE18D000929268 /* Release */,
			);
			defaultConfigurationIsVisible = 0;
			defaultConfigurationName = Release;
		};
		268C9AC327CE18D000929268 /* Build configuration list for PBXNativeTarget "oddEvenGameUITests" */ = {
			isa = XCConfigurationList;
			buildConfigurations = (
				268C9AC427CE18D000929268 /* Debug */,
				268C9AC527CE18D000929268 /* Release */,
			);
			defaultConfigurationIsVisible = 0;
			defaultConfigurationName = Release;
		};
/* End XCConfigurationList section */
	};
	rootObject = 268C9A8B27CE18CF00929268 /* Project object */;
}
